
Microsoft Visual Studio Solution File, Format Version 12.00
# Visual Studio Version 16
VisualStudioVersion = 16.0.30114.105
MinimumVisualStudioVersion = 10.0.40219.1
Project("{FAE04EC0-301F-11D3-BF4B-00C04F79EFBC}") = "MyAdventureWork", "MyAdventureWork.csproj", "{94C75282-8672-46F2-91D3-519AA09F7FAA}"
EndProject
Global
	GlobalSection(SolutionConfigurationPlatforms) = preSolution
		Debug|Any CPU = Debug|Any CPU
		Release|Any CPU = Release|Any CPU
	EndGlobalSection
	GlobalSection(ProjectConfigurationPlatforms) = postSolution
		{94C75282-8672-46F2-91D3-519AA09F7FAA}.Debug|Any CPU.ActiveCfg = Debug|Any CPU
		{94C75282-8672-46F2-91D3-519AA09F7FAA}.Debug|Any CPU.Build.0 = Debug|Any CPU
		{94C75282-8672-46F2-91D3-519AA09F7FAA}.Release|Any CPU.ActiveCfg = Release|Any CPU
		{94C75282-8672-46F2-91D3-519AA09F7FAA}.Release|Any CPU.Build.0 = Release|Any CPU
	EndGlobalSection
	GlobalSection(SolutionProperties) = preSolution
		HideSolutionNode = FALSE
	EndGlobalSection
	GlobalSection(ExtensibilityGlobals) = postSolution
		SolutionGuid = {6D772829-30DE-4968-923D-F42B0BE4D709}
	EndGlobalSection
EndGlobal
